
Microsoft Visual Studio Solution File, Format Version 12.00
# Visual Studio Version 17
VisualStudioVersion = 17.5.002.0
MinimumVisualStudioVersion = 10.0.40219.1
Project("{9A19103F-16F7-4668-BE54-9A1E7A4F7556}") = "Alcool-Gasolina", "Alcool-Gasolina.csproj", "{B1040676-268B-4FDF-9C32-9019259F10EE}"
EndProject
Global
	GlobalSection(SolutionConfigurationPlatforms) = preSolution
		Debug|Any CPU = Debug|Any CPU
		Release|Any CPU = Release|Any CPU
	EndGlobalSection
	GlobalSection(ProjectConfigurationPlatforms) = postSolution
		{B1040676-268B-4FDF-9C32-9019259F10EE}.Debug|Any CPU.ActiveCfg = Debug|Any CPU
		{B1040676-268B-4FDF-9C32-9019259F10EE}.Debug|Any CPU.Build.0 = Debug|Any CPU
		{B1040676-268B-4FDF-9C32-9019259F10EE}.Release|Any CPU.ActiveCfg = Release|Any CPU
		{B1040676-268B-4FDF-9C32-9019259F10EE}.Release|Any CPU.Build.0 = Release|Any CPU
	EndGlobalSection
	GlobalSection(SolutionProperties) = preSolution
		HideSolutionNode = FALSE
	EndGlobalSection
	GlobalSection(ExtensibilityGlobals) = postSolution
		SolutionGuid = {78EF91F0-B3DD-4EA3-B346-6890A8295B6E}
	EndGlobalSection
EndGlobal
